
Microsoft Visual Studio Solution File, Format Version 12.00
# Visual Studio Version 17
VisualStudioVersion = 17.9.34723.18
MinimumVisualStudioVersion = 10.0.40219.1
Project("{9A19103F-16F7-4668-BE54-9A1E7A4F7556}") = "Teatar18_2", "Teatar18_2\Teatar18_2.csproj", "{47D4AFBC-487A-4F3C-A4C9-3A62E4592364}"
EndProject
Global
	GlobalSection(SolutionConfigurationPlatforms) = preSolution
		Debug|Any CPU = Debug|Any CPU
		Release|Any CPU = Release|Any CPU
	EndGlobalSection
	GlobalSection(ProjectConfigurationPlatforms) = postSolution
		{47D4AFBC-487A-4F3C-A4C9-3A62E4592364}.Debug|Any CPU.ActiveCfg = Debug|Any CPU
		{47D4AFBC-487A-4F3C-A4C9-3A62E4592364}.Debug|Any CPU.Build.0 = Debug|Any CPU
		{47D4AFBC-487A-4F3C-A4C9-3A62E4592364}.Release|Any CPU.ActiveCfg = Release|Any CPU
		{47D4AFBC-487A-4F3C-A4C9-3A62E4592364}.Release|Any CPU.Build.0 = Release|Any CPU
	EndGlobalSection
	GlobalSection(SolutionProperties) = preSolution
		HideSolutionNode = FALSE
	EndGlobalSection
	GlobalSection(ExtensibilityGlobals) = postSolution
		SolutionGuid = {ECF77677-25DD-45E4-8867-00B1976EE350}
	EndGlobalSection
EndGlobal
